// !$*UTF8*$!
{
	archiveVersion = 1;
	classes = {
	};
	objectVersion = 56;
	objects = {

/* Begin PBXBuildFile section */
		A32B43FB2C6A5FD70074744C /* MapVC.swift in Sources */ = {isa = PBXBuildFile; fileRef = A32B43FA2C6A5FD70074744C /* MapVC.swift */; };
		A32B43FD2C6A66E00074744C /* DetailsVC.swift in Sources */ = {isa = PBXBuildFile; fileRef = A32B43FC2C6A66E00074744C /* DetailsVC.swift */; };
		A32B43FF2C6A83890074744C /* PlaceModel.swift in Sources */ = {isa = PBXBuildFile; fileRef = A32B43FE2C6A83890074744C /* PlaceModel.swift */; };
		A3515D122C67FF4B009F13FD /* PlacesVC.swift in Sources */ = {isa = PBXBuildFile; fileRef = A3515D112C67FF4B009F13FD /* PlacesVC.swift */; };
		A3E448592C6833040009B7BF /* AddPlaceVC.swift in Sources */ = {isa = PBXBuildFile; fileRef = A3E448582C6833040009B7BF /* AddPlaceVC.swift */; };
		A3E7D8E32C66BC4400F716EB /* AppDelegate.swift in Sources */ = {isa = PBXBuildFile; fileRef = A3E7D8E22C66BC4400F716EB /* AppDelegate.swift */; };
		A3E7D8E52C66BC4400F716EB /* SceneDelegate.swift in Sources */ = {isa = PBXBuildFile; fileRef = A3E7D8E42C66BC4400F716EB /* SceneDelegate.swift */; };
		A3E7D8E72C66BC4400F716EB /* SignUp.swift in Sources */ = {isa = PBXBuildFile; fileRef = A3E7D8E62C66BC4400F716EB /* SignUp.swift */; };
		A3E7D8EA2C66BC4400F716EB /* Base in Resources */ = {isa = PBXBuildFile; fileRef = A3E7D8E92C66BC4400F716EB /* Base */; };
		A3E7D8EC2C66BC4500F716EB /* Assets.xcassets in Resources */ = {isa = PBXBuildFile; fileRef = A3E7D8EB2C66BC4500F716EB /* Assets.xcassets */; };
		A3E7D8EF2C66BC4500F716EB /* Base in Resources */ = {isa = PBXBuildFile; fileRef = A3E7D8EE2C66BC4500F716EB /* Base */; };
		A3E7D8F82C66BCE500F716EB /* ParseLiveQuery in Frameworks */ = {isa = PBXBuildFile; productRef = A3E7D8F72C66BCE500F716EB /* ParseLiveQuery */; };
		A3E7D8FA2C66BCE500F716EB /* ParseObjC in Frameworks */ = {isa = PBXBuildFile; productRef = A3E7D8F92C66BCE500F716EB /* ParseObjC */; };
/* End PBXBuildFile section */

/* Begin PBXFileReference section */
		A32B43FA2C6A5FD70074744C /* MapVC.swift */ = {isa = PBXFileReference; lastKnownFileType = sourcecode.swift; path = MapVC.swift; sourceTree = "<group>"; };
		A32B43FC2C6A66E00074744C /* DetailsVC.swift */ = {isa = PBXFileReference; lastKnownFileType = sourcecode.swift; path = DetailsVC.swift; sourceTree = "<group>"; };
		A32B43FE2C6A83890074744C /* PlaceModel.swift */ = {isa = PBXFileReference; lastKnownFileType = sourcecode.swift; path = PlaceModel.swift; sourceTree = "<group>"; };
		A3515D112C67FF4B009F13FD /* PlacesVC.swift */ = {isa = PBXFileReference; lastKnownFileType = sourcecode.swift; path = PlacesVC.swift; sourceTree = "<group>"; };
		A3E448582C6833040009B7BF /* AddPlaceVC.swift */ = {isa = PBXFileReference; lastKnownFileType = sourcecode.swift; path = AddPlaceVC.swift; sourceTree = "<group>"; };
		A3E7D8DF2C66BC4400F716EB /* FoursquareClone.app */ = {isa = PBXFileReference; explicitFileType = wrapper.application; includeInIndex = 0; path = FoursquareClone.app; sourceTree = BUILT_PRODUCTS_DIR; };
		A3E7D8E22C66BC4400F716EB /* AppDelegate.swift */ = {isa = PBXFileReference; lastKnownFileType = sourcecode.swift; path = AppDelegate.swift; sourceTree = "<group>"; };
		A3E7D8E42C66BC4400F716EB /* SceneDelegate.swift */ = {isa = PBXFileReference; lastKnownFileType = sourcecode.swift; path = SceneDelegate.swift; sourceTree = "<group>"; };
		A3E7D8E62C66BC4400F716EB /* SignUp.swift */ = {isa = PBXFileReference; lastKnownFileType = sourcecode.swift; path = SignUp.swift; sourceTree = "<group>"; };
		A3E7D8E92C66BC4400F716EB /* Base */ = {isa = PBXFileReference; lastKnownFileType = file.storyboard; name = Base; path = Base.lproj/Main.storyboard; sourceTree = "<group>"; };
		A3E7D8EB2C66BC4500F716EB /* Assets.xcassets */ = {isa = PBXFileReference; lastKnownFileType = folder.assetcatalog; path = Assets.xcassets; sourceTree = "<group>"; };
		A3E7D8EE2C66BC4500F716EB /* Base */ = {isa = PBXFileReference; lastKnownFileType = file.storyboard; name = Base; path = Base.lproj/LaunchScreen.storyboard; sourceTree = "<group>"; };
		A3E7D8F02C66BC4500F716EB /* Info.plist */ = {isa = PBXFileReference; lastKnownFileType = text.plist.xml; path = Info.plist; sourceTree = "<group>"; };
/* End PBXFileReference section */

/* Begin PBXFrameworksBuildPhase section */
		A3E7D8DC2C66BC4400F716EB /* Frameworks */ = {
			isa = PBXFrameworksBuildPhase;
			buildActionMask = 2147483647;
			files = (
				A3E7D8FA2C66BCE500F716EB /* ParseObjC in Frameworks */,
				A3E7D8F82C66BCE500F716EB /* ParseLiveQuery in Frameworks */,
			);
			runOnlyForDeploymentPostprocessing = 0;
		};
/* End PBXFrameworksBuildPhase section */

/* Begin PBXGroup section */
		A3E7D8D62C66BC4400F716EB = {
			isa = PBXGroup;
			children = (
				A3E7D8E12C66BC4400F716EB /* FoursquareClone */,
				A3E7D8E02C66BC4400F716EB /* Products */,
			);
			sourceTree = "<group>";
		};
		A3E7D8E02C66BC4400F716EB /* Products */ = {
			isa = PBXGroup;
			children = (
				A3E7D8DF2C66BC4400F716EB /* FoursquareClone.app */,
			);
			name = Products;
			sourceTree = "<group>";
		};
		A3E7D8E12C66BC4400F716EB /* FoursquareClone */ = {
			isa = PBXGroup;
			children = (
				A3E7D8E22C66BC4400F716EB /* AppDelegate.swift */,
				A3E7D8E42C66BC4400F716EB /* SceneDelegate.swift */,
				A3E7D8E62C66BC4400F716EB /* SignUp.swift */,
				A3515D112C67FF4B009F13FD /* PlacesVC.swift */,
				A3E448582C6833040009B7BF /* AddPlaceVC.swift */,
				A32B43FA2C6A5FD70074744C /* MapVC.swift */,
				A32B43FC2C6A66E00074744C /* DetailsVC.swift */,
				A32B43FE2C6A83890074744C /* PlaceModel.swift */,
				A3E7D8E82C66BC4400F716EB /* Main.storyboard */,
				A3E7D8EB2C66BC4500F716EB /* Assets.xcassets */,
				A3E7D8ED2C66BC4500F716EB /* LaunchScreen.storyboard */,
				A3E7D8F02C66BC4500F716EB /* Info.plist */,
			);
			path = FoursquareClone;
			sourceTree = "<group>";
		};
/* End PBXGroup section */

/* Begin PBXNativeTarget section */
		A3E7D8DE2C66BC4400F716EB /* FoursquareClone */ = {
			isa = PBXNativeTarget;
			buildConfigurationList = A3E7D8F32C66BC4500F716EB /* Build configuration list for PBXNativeTarget "FoursquareClone" */;
			buildPhases = (
				A3E7D8DB2C66BC4400F716EB /* Sources */,
				A3E7D8DC2C66BC4400F716EB /* Frameworks */,
				A3E7D8DD2C66BC4400F716EB /* Resources */,
			);
			buildRules = (
			);
			dependencies = (
			);
			name = FoursquareClone;
			packageProductDependencies = (
				A3E7D8F72C66BCE500F716EB /* ParseLiveQuery */,
				A3E7D8F92C66BCE500F716EB /* ParseObjC */,
			);
			productName = FoursquareClone;
			productReference = A3E7D8DF2C66BC4400F716EB /* FoursquareClone.app */;
			productType = "com.apple.product-type.application";
		};
/* End PBXNativeTarget section */

/* Begin PBXProject section */
		A3E7D8D72C66BC4400F716EB /* Project object */ = {
			isa = PBXProject;
			attributes = {
				BuildIndependentTargetsInParallel = 1;
				LastSwiftUpdateCheck = 1540;
				LastUpgradeCheck = 1540;
				TargetAttributes = {
					A3E7D8DE2C66BC4400F716EB = {
						CreatedOnToolsVersion = 15.4;
					};
				};
			};
			buildConfigurationList = A3E7D8DA2C66BC4400F716EB /* Build configuration list for PBXProject "FoursquareClone" */;
			compatibilityVersion = "Xcode 14.0";
			developmentRegion = en;
			hasScannedForEncodings = 0;
			knownRegions = (
				en,
				Base,
			);
			mainGroup = A3E7D8D62C66BC4400F716EB;
			packageReferences = (
				A3E7D8F62C66BCE500F716EB /* XCRemoteSwiftPackageReference "Parse-SDK-iOS-OSX" */,
			);
			productRefGroup = A3E7D8E02C66BC4400F716EB /* Products */;
			projectDirPath = "";
			projectRoot = "";
			targets = (
				A3E7D8DE2C66BC4400F716EB /* FoursquareClone */,
			);
		};
/* End PBXProject section */

/* Begin PBXResourcesBuildPhase section */
		A3E7D8DD2C66BC4400F716EB /* Resources */ = {
			isa = PBXResourcesBuildPhase;
			buildActionMask = 2147483647;
			files = (
				A3E7D8EC2C66BC4500F716EB /* Assets.xcassets in Resources */,
				A3E7D8EF2C66BC4500F716EB /* Base in Resources */,
				A3E7D8EA2C66BC4400F716EB /* Base in Resources */,
			);
			runOnlyForDeploymentPostprocessing = 0;
		};
/* End PBXResourcesBuildPhase section */

/* Begin PBXSourcesBuildPhase section */
		A3E7D8DB2C66BC4400F716EB /* Sources */ = {
			isa = PBXSourcesBuildPhase;
			buildActionMask = 2147483647;
			files = (
				A3E7D8E72C66BC4400F716EB /* SignUp.swift in Sources */,
				A32B43FF2C6A83890074744C /* PlaceModel.swift in Sources */,
				A32B43FB2C6A5FD70074744C /* MapVC.swift in Sources */,
				A3E7D8E32C66BC4400F716EB /* AppDelegate.swift in Sources */,
				A3515D122C67FF4B009F13FD /* PlacesVC.swift in Sources */,
				A32B43FD2C6A66E00074744C /* DetailsVC.swift in Sources */,
				A3E448592C6833040009B7BF /* AddPlaceVC.swift in Sources */,
				A3E7D8E52C66BC4400F716EB /* SceneDelegate.swift in Sources */,
			);
			runOnlyForDeploymentPostprocessing = 0;
		};
/* End PBXSourcesBuildPhase section */

/* Begin PBXVariantGroup section */
		A3E7D8E82C66BC4400F716EB /* Main.storyboard */ = {
			isa = PBXVariantGroup;
			children = (
				A3E7D8E92C66BC4400F716EB /* Base */,
			);
			name = Main.storyboard;
			sourceTree = "<group>";
		};
		A3E7D8ED2C66BC4500F716EB /* LaunchScreen.storyboard */ = {
			isa = PBXVariantGroup;
			children = (
				A3E7D8EE2C66BC4500F716EB /* Base */,
			);
			name = LaunchScreen.storyboard;
			sourceTree = "<group>";
		};
/* End PBXVariantGroup section */

/* Begin XCBuildConfiguration section */
		A3E7D8F12C66BC4500F716EB /* Debug */ = {
			isa = XCBuildConfiguration;
			buildSettings = {
				ALWAYS_SEARCH_USER_PATHS = NO;
				ASSETCATALOG_COMPILER_GENERATE_SWIFT_ASSET_SYMBOL_EXTENSIONS = YES;
				CLANG_ANALYZER_NONNULL = YES;
				CLANG_ANALYZER_NUMBER_OBJECT_CONVERSION = YES_AGGRESSIVE;
				CLANG_CXX_LANGUAGE_STANDARD = "gnu++20";
				CLANG_ENABLE_MODULES = YES;
				CLANG_ENABLE_OBJC_ARC = YES;
				CLANG_ENABLE_OBJC_WEAK = YES;
				CLANG_WARN_BLOCK_CAPTURE_AUTORELEASING = YES;
				CLANG_WARN_BOOL_CONVERSION = YES;
				CLANG_WARN_COMMA = YES;
				CLANG_WARN_CONSTANT_CONVERSION = YES;
				CLANG_WARN_DEPRECATED_OBJC_IMPLEMENTATIONS = YES;
				CLANG_WARN_DIRECT_OBJC_ISA_USAGE = YES_ERROR;
				CLANG_WARN_DOCUMENTATION_COMMENTS = YES;
				CLANG_WARN_EMPTY_BODY = YES;
				CLANG_WARN_ENUM_CONVERSION = YES;
				CLANG_WARN_INFINITE_RECURSION = YES;
				CLANG_WARN_INT_CONVERSION = YES;
				CLANG_WARN_NON_LITERAL_NULL_CONVERSION = YES;
				CLANG_WARN_OBJC_IMPLICIT_RETAIN_SELF = YES;
				CLANG_WARN_OBJC_LITERAL_CONVERSION = YES;
				CLANG_WARN_OBJC_ROOT_CLASS = YES_ERROR;
				CLANG_WARN_QUOTED_INCLUDE_IN_FRAMEWORK_HEADER = YES;
				CLANG_WARN_RANGE_LOOP_ANALYSIS = YES;
				CLANG_WARN_STRICT_PROTOTYPES = YES;
				CLANG_WARN_SUSPICIOUS_MOVE = YES;
				CLANG_WARN_UNGUARDED_AVAILABILITY = YES_AGGRESSIVE;
				CLANG_WARN_UNREACHABLE_CODE = YES;
				CLANG_WARN__DUPLICATE_METHOD_MATCH = YES;
				COPY_PHASE_STRIP = NO;
				DEBUG_INFORMATION_FORMAT = dwarf;
				ENABLE_STRICT_OBJC_MSGSEND = YES;
				ENABLE_TESTABILITY = YES;
				ENABLE_USER_SCRIPT_SANDBOXING = YES;
				GCC_C_LANGUAGE_STANDARD = gnu17;
				GCC_DYNAMIC_NO_PIC = NO;
				GCC_NO_COMMON_BLOCKS = YES;
				GCC_OPTIMIZATION_LEVEL = 0;
				GCC_PREPROCESSOR_DEFINITIONS = (
					"DEBUG=1",
					"$(inherited)",
				);
				GCC_WARN_64_TO_32_BIT_CONVERSION = YES;
				GCC_WARN_ABOUT_RETURN_TYPE = YES_ERROR;
				GCC_WARN_UNDECLARED_SELECTOR = YES;
				GCC_WARN_UNINITIALIZED_AUTOS = YES_AGGRESSIVE;
				GCC_WARN_UNUSED_FUNCTION = YES;
				GCC_WARN_UNUSED_VARIABLE = YES;
				IPHONEOS_DEPLOYMENT_TARGET = 17.5;
				LOCALIZATION_PREFERS_STRING_CATALOGS = YES;
				MTL_ENABLE_DEBUG_INFO = INCLUDE_SOURCE;
				MTL_FAST_MATH = YES;
				ONLY_ACTIVE_ARCH = YES;
				SDKROOT = iphoneos;
				SWIFT_ACTIVE_COMPILATION_CONDITIONS = "DEBUG $(inherited)";
				SWIFT_OPTIMIZATION_LEVEL = "-Onone";
			};
			name = Debug;
		};
		A3E7D8F22C66BC4500F716EB /* Release */ = {
			isa = XCBuildConfiguration;
			buildSettings = {
				ALWAYS_SEARCH_USER_PATHS = NO;
				ASSETCATALOG_COMPILER_GENERATE_SWIFT_ASSET_SYMBOL_EXTENSIONS = YES;
				CLANG_ANALYZER_NONNULL = YES;
				CLANG_ANALYZER_NUMBER_OBJECT_CONVERSION = YES_AGGRESSIVE;
				CLANG_CXX_LANGUAGE_STANDARD = "gnu++20";
				CLANG_ENABLE_MODULES = YES;
				CLANG_ENABLE_OBJC_ARC = YES;
				CLANG_ENABLE_OBJC_WEAK = YES;
				CLANG_WARN_BLOCK_CAPTURE_AUTORELEASING = YES;
				CLANG_WARN_BOOL_CONVERSION = YES;
				CLANG_WARN_COMMA = YES;
				CLANG_WARN_CONSTANT_CONVERSION = YES;
				CLANG_WARN_DEPRECATED_OBJC_IMPLEMENTATIONS = YES;
				CLANG_WARN_DIRECT_OBJC_ISA_USAGE = YES_ERROR;
				CLANG_WARN_DOCUMENTATION_COMMENTS = YES;
				CLANG_WARN_EMPTY_BODY = YES;
				CLANG_WARN_ENUM_CONVERSION = YES;
				CLANG_WARN_INFINITE_RECURSION = YES;
				CLANG_WARN_INT_CONVERSION = YES;
				CLANG_WARN_NON_LITERAL_NULL_CONVERSION = YES;
				CLANG_WARN_OBJC_IMPLICIT_RETAIN_SELF = YES;
				CLANG_WARN_OBJC_LITERAL_CONVERSION = YES;
				CLANG_WARN_OBJC_ROOT_CLASS = YES_ERROR;
				CLANG_WARN_QUOTED_INCLUDE_IN_FRAMEWORK_HEADER = YES;
				CLANG_WARN_RANGE_LOOP_ANALYSIS = YES;
				CLANG_WARN_STRICT_PROTOTYPES = YES;
				CLANG_WARN_SUSPICIOUS_MOVE = YES;
				CLANG_WARN_UNGUARDED_AVAILABILITY = YES_AGGRESSIVE;
				CLANG_WARN_UNREACHABLE_CODE = YES;
				CLANG_WARN__DUPLICATE_METHOD_MATCH = YES;
				COPY_PHASE_STRIP = NO;
				DEBUG_INFORMATION_FORMAT = "dwarf-with-dsym";
				ENABLE_NS_ASSERTIONS = NO;
				ENABLE_STRICT_OBJC_MSGSEND = YES;
				ENABLE_USER_SCRIPT_SANDBOXING = YES;
				GCC_C_LANGUAGE_STANDARD = gnu17;
				GCC_NO_COMMON_BLOCKS = YES;
				GCC_WARN_64_TO_32_BIT_CONVERSION = YES;
				GCC_WARN_ABOUT_RETURN_TYPE = YES_ERROR;
				GCC_WARN_UNDECLARED_SELECTOR = YES;
				GCC_WARN_UNINITIALIZED_AUTOS = YES_AGGRESSIVE;
				GCC_WARN_UNUSED_FUNCTION = YES;
				GCC_WARN_UNUSED_VARIABLE = YES;
				IPHONEOS_DEPLOYMENT_TARGET = 17.5;
				LOCALIZATION_PREFERS_STRING_CATALOGS = YES;
				MTL_ENABLE_DEBUG_INFO = NO;
				MTL_FAST_MATH = YES;
				SDKROOT = iphoneos;
				SWIFT_COMPILATION_MODE = wholemodule;
				VALIDATE_PRODUCT = YES;
			};
			name = Release;
		};
		A3E7D8F42C66BC4500F716EB /* Debug */ = {
			isa = XCBuildConfiguration;
			buildSettings = {
				ASSETCATALOG_COMPILER_APPICON_NAME = AppIcon;
				ASSETCATALOG_COMPILER_GLOBAL_ACCENT_COLOR_NAME = AccentColor;
				CODE_SIGN_STYLE = Automatic;
				CURRENT_PROJECT_VERSION = 1;
				DEVELOPMENT_TEAM = 699GP28SCL;
				GENERATE_INFOPLIST_FILE = YES;
				INFOPLIST_FILE = FoursquareClone/Info.plist;
				INFOPLIST_KEY_UIApplicationSupportsIndirectInputEvents = YES;
				INFOPLIST_KEY_UILaunchStoryboardName = LaunchScreen;
				INFOPLIST_KEY_UIMainStoryboardFile = Main;
				INFOPLIST_KEY_UISupportedInterfaceOrientations_iPad = "UIInterfaceOrientationPortrait UIInterfaceOrientationPortraitUpsideDown UIInterfaceOrientationLandscapeLeft UIInterfaceOrientationLandscapeRight";
				INFOPLIST_KEY_UISupportedInterfaceOrientations_iPhone = "UIInterfaceOrientationPortrait UIInterfaceOrientationLandscapeLeft UIInterfaceOrientationLandscapeRight";
				LD_RUNPATH_SEARCH_PATHS = (
					"$(inherited)",
					"@executable_path/Frameworks",
				);
				MARKETING_VERSION = 1.0;
				PRODUCT_BUNDLE_IDENTIFIER = com.marksantoro.FoursquareClone;
				PRODUCT_NAME = "$(TARGET_NAME)";
				SWIFT_EMIT_LOC_STRINGS = YES;
				SWIFT_VERSION = 5.0;
				TARGETED_DEVICE_FAMILY = "1,2";
			};
			name = Debug;
		};
		A3E7D8F52C66BC4500F716EB /* Release */ = {
			isa = XCBuildConfiguration;
			buildSettings = {
				ASSETCATALOG_COMPILER_APPICON_NAME = AppIcon;
				ASSETCATALOG_COMPILER_GLOBAL_ACCENT_COLOR_NAME = AccentColor;
				CODE_SIGN_STYLE = Automatic;
				CURRENT_PROJECT_VERSION = 1;
				DEVELOPMENT_TEAM = 699GP28SCL;
				GENERATE_INFOPLIST_FILE = YES;
				INFOPLIST_FILE = FoursquareClone/Info.plist;
				INFOPLIST_KEY_UIApplicationSupportsIndirectInputEvents = YES;
				INFOPLIST_KEY_UILaunchStoryboardName = LaunchScreen;
				INFOPLIST_KEY_UIMainStoryboardFile = Main;
				INFOPLIST_KEY_UISupportedInterfaceOrientations_iPad = "UIInterfaceOrientationPortrait UIInterfaceOrientationPortraitUpsideDown UIInterfaceOrientationLandscapeLeft UIInterfaceOrientationLandscapeRight";
				INFOPLIST_KEY_UISupportedInterfaceOrientations_iPhone = "UIInterfaceOrientationPortrait UIInterfaceOrientationLandscapeLeft UIInterfaceOrientationLandscapeRight";
				LD_RUNPATH_SEARCH_PATHS = (
					"$(inherited)",
					"@executable_path/Frameworks",
				);
				MARKETING_VERSION = 1.0;
				PRODUCT_BUNDLE_IDENTIFIER = com.marksantoro.FoursquareClone;
				PRODUCT_NAME = "$(TARGET_NAME)";
				SWIFT_EMIT_LOC_STRINGS = YES;
				SWIFT_VERSION = 5.0;
				TARGETED_DEVICE_FAMILY = "1,2";
			};
			name = Release;
		};
/* End XCBuildConfiguration section */

/* Begin XCConfigurationList section */
		A3E7D8DA2C66BC4400F716EB /* Build configuration list for PBXProject "FoursquareClone" */ = {
			isa = XCConfigurationList;
			buildConfigurations = (
				A3E7D8F12C66BC4500F716EB /* Debug */,
				A3E7D8F22C66BC4500F716EB /* Release */,
			);
			defaultConfigurationIsVisible = 0;
			defaultConfigurationName = Release;
		};
		A3E7D8F32C66BC4500F716EB /* Build configuration list for PBXNativeTarget "FoursquareClone" */ = {
			isa = XCConfigurationList;
			buildConfigurations = (
				A3E7D8F42C66BC4500F716EB /* Debug */,
				A3E7D8F52C66BC4500F716EB /* Release */,
			);
			defaultConfigurationIsVisible = 0;
			defaultConfigurationName = Release;
		};
/* End XCConfigurationList section */

/* Begin XCRemoteSwiftPackageReference section */
		A3E7D8F62C66BCE500F716EB /* XCRemoteSwiftPackageReference "Parse-SDK-iOS-OSX" */ = {
			isa = XCRemoteSwiftPackageReference;
			repositoryURL = "https://github.com/parse-community/Parse-SDK-iOS-OSX";
			requirement = {
				kind = upToNextMajorVersion;
				minimumVersion = 4.1.1;
			};
		};
/* End XCRemoteSwiftPackageReference section */

/* Begin XCSwiftPackageProductDependency section */
		A3E7D8F72C66BCE500F716EB /* ParseLiveQuery */ = {
			isa = XCSwiftPackageProductDependency;
			package = A3E7D8F62C66BCE500F716EB /* XCRemoteSwiftPackageReference "Parse-SDK-iOS-OSX" */;
			productName = ParseLiveQuery;
		};
		A3E7D8F92C66BCE500F716EB /* ParseObjC */ = {
			isa = XCSwiftPackageProductDependency;
			package = A3E7D8F62C66BCE500F716EB /* XCRemoteSwiftPackageReference "Parse-SDK-iOS-OSX" */;
			productName = ParseObjC;
		};
/* End XCSwiftPackageProductDependency section */
	};
	rootObject = A3E7D8D72C66BC4400F716EB /* Project object */;
}
